// !$*UTF8*$!
{
	archiveVersion = 1;
	classes = {
	};
	objectVersion = 56;
	objects = {

/* Begin PBXBuildFile section */
		1E48B6DA2B8A8054004E5B64 /* MFXUI in Frameworks */ = {isa = PBXBuildFile; productRef = 1E48B6D92B8A8054004E5B64 /* MFXUI */; };
		1EB8588D2B8A173B008100F9 /* AuthDialog.swift in Sources */ = {isa = PBXBuildFile; fileRef = 1EB8588C2B8A173B008100F9 /* AuthDialog.swift */; };
		1EF3BEDD2B431AAC00294E7D /* AppDelegate.swift in Sources */ = {isa = PBXBuildFile; fileRef = 1EF3BEDC2B431AAC00294E7D /* AppDelegate.swift */; };
		1EF3BEDF2B431AAD00294E7D /* Assets.xcassets in Resources */ = {isa = PBXBuildFile; fileRef = 1EF3BEDE2B431AAD00294E7D /* Assets.xcassets */; };
		1EF3BEF12B431C7200294E7D /* MFXUI in Frameworks */ = {isa = PBXBuildFile; productRef = 1EF3BEF02B431C7200294E7D /* MFXUI */; };
		1EF3BEF32B431D0000294E7D /* View Controller.swift in Sources */ = {isa = PBXBuildFile; fileRef = 1EF3BEF22B431D0000294E7D /* View Controller.swift */; };
		1EF3BEF52B431FCB00294E7D /* Model.swift in Sources */ = {isa = PBXBuildFile; fileRef = 1EF3BEF42B431FCB00294E7D /* Model.swift */; };
		1EF3BEF72B45A7AB00294E7D /* LaunchScreen.storyboard in Resources */ = {isa = PBXBuildFile; fileRef = 1EF3BEF62B45A7AB00294E7D /* LaunchScreen.storyboard */; platformFilter = ios; };
		1EF3BEF92B45A7C500294E7D /* Main.storyboard in Resources */ = {isa = PBXBuildFile; fileRef = 1EF3BEF82B45A7C500294E7D /* Main.storyboard */; platformFilter = ios; };
		1EF3BEFB2B45A84400294E7D /* Main.storyboard in Resources */ = {isa = PBXBuildFile; fileRef = 1EF3BEFA2B45A84400294E7D /* Main.storyboard */; platformFilters = (tvos, ); };
		1EF3BF242B45ACD200294E7D /* Main.storyboard in Resources */ = {isa = PBXBuildFile; fileRef = 1EF3BF232B45ACB500294E7D /* Main.storyboard */; platformFilters = (macos, ); };
/* End PBXBuildFile section */

/* Begin PBXFileReference section */
		1EB8588C2B8A173B008100F9 /* AuthDialog.swift */ = {isa = PBXFileReference; lastKnownFileType = sourcecode.swift; path = AuthDialog.swift; sourceTree = "<group>"; };
		1EB858902B8A7FE2008100F9 /* README.md */ = {isa = PBXFileReference; lastKnownFileType = net.daringfireball.markdown; path = README.md; sourceTree = "<group>"; };
		1EF3BED92B431AAC00294E7D /* MFXUI App.app */ = {isa = PBXFileReference; explicitFileType = wrapper.application; includeInIndex = 0; path = "MFXUI App.app"; sourceTree = BUILT_PRODUCTS_DIR; };
		1EF3BEDC2B431AAC00294E7D /* AppDelegate.swift */ = {isa = PBXFileReference; lastKnownFileType = sourcecode.swift; path = AppDelegate.swift; sourceTree = "<group>"; };
		1EF3BEDE2B431AAD00294E7D /* Assets.xcassets */ = {isa = PBXFileReference; lastKnownFileType = folder.assetcatalog; path = Assets.xcassets; sourceTree = "<group>"; };
		1EF3BEE32B431AAD00294E7D /* MFXUITestApp.entitlements */ = {isa = PBXFileReference; lastKnownFileType = text.plist.entitlements; path = MFXUITestApp.entitlements; sourceTree = "<group>"; };
		1EF3BEF22B431D0000294E7D /* View Controller.swift */ = {isa = PBXFileReference; lastKnownFileType = sourcecode.swift; path = "View Controller.swift"; sourceTree = "<group>"; };
		1EF3BEF42B431FCB00294E7D /* Model.swift */ = {isa = PBXFileReference; lastKnownFileType = sourcecode.swift; path = Model.swift; sourceTree = "<group>"; };
		1EF3BEF62B45A7AB00294E7D /* LaunchScreen.storyboard */ = {isa = PBXFileReference; lastKnownFileType = file.storyboard; path = LaunchScreen.storyboard; sourceTree = "<group>"; };
		1EF3BEF82B45A7C500294E7D /* Main.storyboard */ = {isa = PBXFileReference; lastKnownFileType = file.storyboard; path = Main.storyboard; sourceTree = "<group>"; };
		1EF3BEFA2B45A84400294E7D /* Main.storyboard */ = {isa = PBXFileReference; lastKnownFileType = file.storyboard; path = Main.storyboard; sourceTree = "<group>"; };
		1EF3BF012B45A90000294E7D /* MFXUI-App-Info.plist */ = {isa = PBXFileReference; lastKnownFileType = text.plist; path = "MFXUI-App-Info.plist"; sourceTree = "<group>"; };
		1EF3BF232B45ACB500294E7D /* Main.storyboard */ = {isa = PBXFileReference; lastKnownFileType = file.storyboard; path = Main.storyboard; sourceTree = "<group>"; };
/* End PBXFileReference section */

/* Begin PBXFrameworksBuildPhase section */
		1EF3BED62B431AAC00294E7D /* Frameworks */ = {
			isa = PBXFrameworksBuildPhase;
			buildActionMask = 2147483647;
			files = (
				1E48B6DA2B8A8054004E5B64 /* MFXUI in Frameworks */,
				1EF3BEF12B431C7200294E7D /* MFXUI in Frameworks */,
			);
			runOnlyForDeploymentPostprocessing = 0;
		};
/* End PBXFrameworksBuildPhase section */

/* Begin PBXGroup section */
		1EF3BED02B431AAC00294E7D = {
			isa = PBXGroup;
			children = (
				1EB858902B8A7FE2008100F9 /* README.md */,
				1EF3BF012B45A90000294E7D /* MFXUI-App-Info.plist */,
				1EF3BEDB2B431AAC00294E7D /* MFXUITestApp */,
				1EF3BEDA2B431AAC00294E7D /* Products */,
			);
			sourceTree = "<group>";
		};
		1EF3BEDA2B431AAC00294E7D /* Products */ = {
			isa = PBXGroup;
			children = (
				1EF3BED92B431AAC00294E7D /* MFXUI App.app */,
			);
			name = Products;
			sourceTree = "<group>";
		};
		1EF3BEDB2B431AAC00294E7D /* MFXUITestApp */ = {
			isa = PBXGroup;
			children = (
				1EF3BEDC2B431AAC00294E7D /* AppDelegate.swift */,
				1EF3BEF22B431D0000294E7D /* View Controller.swift */,
				1EF3BEF42B431FCB00294E7D /* Model.swift */,
				1EB8588C2B8A173B008100F9 /* AuthDialog.swift */,
				1EF3BEDE2B431AAD00294E7D /* Assets.xcassets */,
				1EF3BEFC2B45A87400294E7D /* macOS */,
				1EF3BEFD2B45A88300294E7D /* iOS */,
				1EF3BEFE2B45A88F00294E7D /* tvOS */,
				1EF3BEE32B431AAD00294E7D /* MFXUITestApp.entitlements */,
			);
			path = MFXUITestApp;
			sourceTree = "<group>";
		};
		1EF3BEFC2B45A87400294E7D /* macOS */ = {
			isa = PBXGroup;
			children = (
				1EF3BF232B45ACB500294E7D /* Main.storyboard */,
			);
			path = macOS;
			sourceTree = "<group>";
		};
		1EF3BEFD2B45A88300294E7D /* iOS */ = {
			isa = PBXGroup;
			children = (
				1EF3BEF62B45A7AB00294E7D /* LaunchScreen.storyboard */,
				1EF3BEF82B45A7C500294E7D /* Main.storyboard */,
			);
			path = iOS;
			sourceTree = "<group>";
		};
		1EF3BEFE2B45A88F00294E7D /* tvOS */ = {
			isa = PBXGroup;
			children = (
				1EF3BEFA2B45A84400294E7D /* Main.storyboard */,
			);
			path = tvOS;
			sourceTree = "<group>";
		};
/* End PBXGroup section */

/* Begin PBXNativeTarget section */
		1EF3BED82B431AAC00294E7D /* MFXUI App */ = {
			isa = PBXNativeTarget;
			buildConfigurationList = 1EF3BEE62B431AAD00294E7D /* Build configuration list for PBXNativeTarget "MFXUI App" */;
			buildPhases = (
				1EF3BED52B431AAC00294E7D /* Sources */,
				1EF3BED62B431AAC00294E7D /* Frameworks */,
				1EF3BED72B431AAC00294E7D /* Resources */,
			);
			buildRules = (
			);
			dependencies = (
			);
			name = "MFXUI App";
			packageProductDependencies = (
				1EF3BEF02B431C7200294E7D /* MFXUI */,
				1E48B6D92B8A8054004E5B64 /* MFXUI */,
			);
			productName = MFXUITestApp;
			productReference = 1EF3BED92B431AAC00294E7D /* MFXUI App.app */;
			productType = "com.apple.product-type.application";
		};
/* End PBXNativeTarget section */

/* Begin PBXProject section */
		1EF3BED12B431AAC00294E7D /* Project object */ = {
			isa = PBXProject;
			attributes = {
				BuildIndependentTargetsInParallel = 1;
				LastSwiftUpdateCheck = 1510;
				LastUpgradeCheck = 1510;
				TargetAttributes = {
					1EF3BED82B431AAC00294E7D = {
						CreatedOnToolsVersion = 15.1;
					};
				};
			};
			buildConfigurationList = 1EF3BED42B431AAC00294E7D /* Build configuration list for PBXProject "MFXUITestApp" */;
			compatibilityVersion = "Xcode 14.0";
			developmentRegion = en;
			hasScannedForEncodings = 0;
			knownRegions = (
				en,
				Base,
			);
			mainGroup = 1EF3BED02B431AAC00294E7D;
			packageReferences = (
				1E48B6D82B8A8054004E5B64 /* XCRemoteSwiftPackageReference "MFXUI" */,
			);
			productRefGroup = 1EF3BEDA2B431AAC00294E7D /* Products */;
			projectDirPath = "";
			projectRoot = "";
			targets = (
				1EF3BED82B431AAC00294E7D /* MFXUI App */,
			);
		};
/* End PBXProject section */

/* Begin PBXResourcesBuildPhase section */
		1EF3BED72B431AAC00294E7D /* Resources */ = {
			isa = PBXResourcesBuildPhase;
			buildActionMask = 2147483647;
			files = (
				1EF3BEDF2B431AAD00294E7D /* Assets.xcassets in Resources */,
				1EF3BEF92B45A7C500294E7D /* Main.storyboard in Resources */,
				1EF3BEF72B45A7AB00294E7D /* LaunchScreen.storyboard in Resources */,
				1EF3BF242B45ACD200294E7D /* Main.storyboard in Resources */,
				1EF3BEFB2B45A84400294E7D /* Main.storyboard in Resources */,
			);
			runOnlyForDeploymentPostprocessing = 0;
		};
/* End PBXResourcesBuildPhase section */

/* Begin PBXSourcesBuildPhase section */
		1EF3BED52B431AAC00294E7D /* Sources */ = {
			isa = PBXSourcesBuildPhase;
			buildActionMask = 2147483647;
			files = (
				1EF3BEF52B431FCB00294E7D /* Model.swift in Sources */,
				1EF3BEDD2B431AAC00294E7D /* AppDelegate.swift in Sources */,
				1EB8588D2B8A173B008100F9 /* AuthDialog.swift in Sources */,
				1EF3BEF32B431D0000294E7D /* View Controller.swift in Sources */,
			);
			runOnlyForDeploymentPostprocessing = 0;
		};
/* End PBXSourcesBuildPhase section */

/* Begin XCBuildConfiguration section */
		1EF3BEE42B431AAD00294E7D /* Debug */ = {
			isa = XCBuildConfiguration;
			buildSettings = {
				ALWAYS_SEARCH_USER_PATHS = NO;
				ASSETCATALOG_COMPILER_GENERATE_SWIFT_ASSET_SYMBOL_EXTENSIONS = YES;
				CLANG_ANALYZER_NONNULL = YES;
				CLANG_ANALYZER_NUMBER_OBJECT_CONVERSION = YES_AGGRESSIVE;
				CLANG_CXX_LANGUAGE_STANDARD = "gnu++20";
				CLANG_ENABLE_MODULES = YES;
				CLANG_ENABLE_OBJC_ARC = YES;
				CLANG_ENABLE_OBJC_WEAK = YES;
				CLANG_WARN_BLOCK_CAPTURE_AUTORELEASING = YES;
				CLANG_WARN_BOOL_CONVERSION = YES;
				CLANG_WARN_COMMA = YES;
				CLANG_WARN_CONSTANT_CONVERSION = YES;
				CLANG_WARN_DEPRECATED_OBJC_IMPLEMENTATIONS = YES;
				CLANG_WARN_DIRECT_OBJC_ISA_USAGE = YES_ERROR;
				CLANG_WARN_DOCUMENTATION_COMMENTS = YES;
				CLANG_WARN_EMPTY_BODY = YES;
				CLANG_WARN_ENUM_CONVERSION = YES;
				CLANG_WARN_INFINITE_RECURSION = YES;
				CLANG_WARN_INT_CONVERSION = YES;
				CLANG_WARN_NON_LITERAL_NULL_CONVERSION = YES;
				CLANG_WARN_OBJC_IMPLICIT_RETAIN_SELF = YES;
				CLANG_WARN_OBJC_LITERAL_CONVERSION = YES;
				CLANG_WARN_OBJC_ROOT_CLASS = YES_ERROR;
				CLANG_WARN_QUOTED_INCLUDE_IN_FRAMEWORK_HEADER = YES;
				CLANG_WARN_RANGE_LOOP_ANALYSIS = YES;
				CLANG_WARN_STRICT_PROTOTYPES = YES;
				CLANG_WARN_SUSPICIOUS_MOVE = YES;
				CLANG_WARN_UNGUARDED_AVAILABILITY = YES_AGGRESSIVE;
				CLANG_WARN_UNREACHABLE_CODE = YES;
				CLANG_WARN__DUPLICATE_METHOD_MATCH = YES;
				COPY_PHASE_STRIP = NO;
				DEBUG_INFORMATION_FORMAT = dwarf;
				ENABLE_STRICT_OBJC_MSGSEND = YES;
				ENABLE_TESTABILITY = YES;
				ENABLE_USER_SCRIPT_SANDBOXING = YES;
				GCC_C_LANGUAGE_STANDARD = gnu17;
				GCC_DYNAMIC_NO_PIC = NO;
				GCC_NO_COMMON_BLOCKS = YES;
				GCC_OPTIMIZATION_LEVEL = 0;
				GCC_PREPROCESSOR_DEFINITIONS = (
					"DEBUG=1",
					"$(inherited)",
				);
				GCC_WARN_64_TO_32_BIT_CONVERSION = YES;
				GCC_WARN_ABOUT_RETURN_TYPE = YES_ERROR;
				GCC_WARN_UNDECLARED_SELECTOR = YES;
				GCC_WARN_UNINITIALIZED_AUTOS = YES_AGGRESSIVE;
				GCC_WARN_UNUSED_FUNCTION = YES;
				GCC_WARN_UNUSED_VARIABLE = YES;
				IPHONEOS_DEPLOYMENT_TARGET = 14;
				LOCALIZATION_PREFERS_STRING_CATALOGS = YES;
				MACOSX_DEPLOYMENT_TARGET = 10.15;
				MTL_ENABLE_DEBUG_INFO = INCLUDE_SOURCE;
				MTL_FAST_MATH = YES;
				ONLY_ACTIVE_ARCH = YES;
				SDKROOT = macosx;
				SWIFT_ACTIVE_COMPILATION_CONDITIONS = "DEBUG $(inherited)";
				SWIFT_OPTIMIZATION_LEVEL = "-Onone";
				TVOS_DEPLOYMENT_TARGET = 13;
			};
			name = Debug;
		};
		1EF3BEE52B431AAD00294E7D /* Release */ = {
			isa = XCBuildConfiguration;
			buildSettings = {
				ALWAYS_SEARCH_USER_PATHS = NO;
				ASSETCATALOG_COMPILER_GENERATE_SWIFT_ASSET_SYMBOL_EXTENSIONS = YES;
				CLANG_ANALYZER_NONNULL = YES;
				CLANG_ANALYZER_NUMBER_OBJECT_CONVERSION = YES_AGGRESSIVE;
				CLANG_CXX_LANGUAGE_STANDARD = "gnu++20";
				CLANG_ENABLE_MODULES = YES;
				CLANG_ENABLE_OBJC_ARC = YES;
				CLANG_ENABLE_OBJC_WEAK = YES;
				CLANG_WARN_BLOCK_CAPTURE_AUTORELEASING = YES;
				CLANG_WARN_BOOL_CONVERSION = YES;
				CLANG_WARN_COMMA = YES;
				CLANG_WARN_CONSTANT_CONVERSION = YES;
				CLANG_WARN_DEPRECATED_OBJC_IMPLEMENTATIONS = YES;
				CLANG_WARN_DIRECT_OBJC_ISA_USAGE = YES_ERROR;
				CLANG_WARN_DOCUMENTATION_COMMENTS = YES;
				CLANG_WARN_EMPTY_BODY = YES;
				CLANG_WARN_ENUM_CONVERSION = YES;
				CLANG_WARN_INFINITE_RECURSION = YES;
				CLANG_WARN_INT_CONVERSION = YES;
				CLANG_WARN_NON_LITERAL_NULL_CONVERSION = YES;
				CLANG_WARN_OBJC_IMPLICIT_RETAIN_SELF = YES;
				CLANG_WARN_OBJC_LITERAL_CONVERSION = YES;
				CLANG_WARN_OBJC_ROOT_CLASS = YES_ERROR;
				CLANG_WARN_QUOTED_INCLUDE_IN_FRAMEWORK_HEADER = YES;
				CLANG_WARN_RANGE_LOOP_ANALYSIS = YES;
				CLANG_WARN_STRICT_PROTOTYPES = YES;
				CLANG_WARN_SUSPICIOUS_MOVE = YES;
				CLANG_WARN_UNGUARDED_AVAILABILITY = YES_AGGRESSIVE;
				CLANG_WARN_UNREACHABLE_CODE = YES;
				CLANG_WARN__DUPLICATE_METHOD_MATCH = YES;
				COPY_PHASE_STRIP = NO;
				DEBUG_INFORMATION_FORMAT = "dwarf-with-dsym";
				ENABLE_NS_ASSERTIONS = NO;
				ENABLE_STRICT_OBJC_MSGSEND = YES;
				ENABLE_USER_SCRIPT_SANDBOXING = YES;
				GCC_C_LANGUAGE_STANDARD = gnu17;
				GCC_NO_COMMON_BLOCKS = YES;
				GCC_WARN_64_TO_32_BIT_CONVERSION = YES;
				GCC_WARN_ABOUT_RETURN_TYPE = YES_ERROR;
				GCC_WARN_UNDECLARED_SELECTOR = YES;
				GCC_WARN_UNINITIALIZED_AUTOS = YES_AGGRESSIVE;
				GCC_WARN_UNUSED_FUNCTION = YES;
				GCC_WARN_UNUSED_VARIABLE = YES;
				IPHONEOS_DEPLOYMENT_TARGET = 14;
				LOCALIZATION_PREFERS_STRING_CATALOGS = YES;
				MACOSX_DEPLOYMENT_TARGET = 10.15;
				MTL_ENABLE_DEBUG_INFO = NO;
				MTL_FAST_MATH = YES;
				SDKROOT = macosx;
				SWIFT_COMPILATION_MODE = wholemodule;
				TVOS_DEPLOYMENT_TARGET = 13;
			};
			name = Release;
		};
		1EF3BEE72B431AAD00294E7D /* Debug */ = {
			isa = XCBuildConfiguration;
			buildSettings = {
				ASSETCATALOG_COMPILER_APPICON_NAME = AppIcon;
				ASSETCATALOG_COMPILER_GLOBAL_ACCENT_COLOR_NAME = AccentColor;
				CODE_SIGN_ENTITLEMENTS = MFXUITestApp/MFXUITestApp.entitlements;
				CODE_SIGN_STYLE = Automatic;
				COMBINE_HIDPI_IMAGES = YES;
				CURRENT_PROJECT_VERSION = 1;
				DEVELOPMENT_TEAM = R5LCPCXJPZ;
				ENABLE_HARDENED_RUNTIME = YES;
				GENERATE_INFOPLIST_FILE = YES;
				INFOPLIST_FILE = "MFXUI-App-Info.plist";
				INFOPLIST_KEY_NSHumanReadableCopyright = "";
				INFOPLIST_KEY_NSMainStoryboardFile = Main;
				INFOPLIST_KEY_UILaunchStoryboardName = LaunchScreen.storyboard;
				INFOPLIST_KEY_UIMainStoryboardFile = Main;
				INFOPLIST_KEY_UISupportedInterfaceOrientations = "UIInterfaceOrientationLandscapeLeft UIInterfaceOrientationLandscapeRight UIInterfaceOrientationPortrait UIInterfaceOrientationPortraitUpsideDown";
				INFOPLIST_KEY_UISupportedInterfaceOrientations_iPad = "UIInterfaceOrientationLandscapeLeft UIInterfaceOrientationLandscapeRight UIInterfaceOrientationPortrait";
				LD_RUNPATH_SEARCH_PATHS = (
					"$(inherited)",
					"@executable_path/../Frameworks",
				);
				MARKETING_VERSION = 1.0;
				PRODUCT_BUNDLE_IDENTIFIER = ca.michelf.MFXUITestApp;
				PRODUCT_NAME = "$(TARGET_NAME)";
				SUPPORTED_PLATFORMS = "appletvos appletvsimulator iphoneos iphonesimulator macosx";
				SUPPORTS_MACCATALYST = NO;
				SWIFT_EMIT_LOC_STRINGS = YES;
				SWIFT_VERSION = 5.0;
				TARGETED_DEVICE_FAMILY = "1,2,3";
			};
			name = Debug;
		};
		1EF3BEE82B431AAD00294E7D /* Release */ = {
			isa = XCBuildConfiguration;
			buildSettings = {
				ASSETCATALOG_COMPILER_APPICON_NAME = AppIcon;
				ASSETCATALOG_COMPILER_GLOBAL_ACCENT_COLOR_NAME = AccentColor;
				CODE_SIGN_ENTITLEMENTS = MFXUITestApp/MFXUITestApp.entitlements;
				CODE_SIGN_STYLE = Automatic;
				COMBINE_HIDPI_IMAGES = YES;
				CURRENT_PROJECT_VERSION = 1;
				DEVELOPMENT_TEAM = R5LCPCXJPZ;
				ENABLE_HARDENED_RUNTIME = YES;
				GENERATE_INFOPLIST_FILE = YES;
				INFOPLIST_FILE = "MFXUI-App-Info.plist";
				INFOPLIST_KEY_NSHumanReadableCopyright = "";
				INFOPLIST_KEY_NSMainStoryboardFile = Main;
				INFOPLIST_KEY_UILaunchStoryboardName = LaunchScreen.storyboard;
				INFOPLIST_KEY_UIMainStoryboardFile = Main;
				INFOPLIST_KEY_UISupportedInterfaceOrientations = "UIInterfaceOrientationLandscapeLeft UIInterfaceOrientationLandscapeRight UIInterfaceOrientationPortrait UIInterfaceOrientationPortraitUpsideDown";
				INFOPLIST_KEY_UISupportedInterfaceOrientations_iPad = "UIInterfaceOrientationLandscapeLeft UIInterfaceOrientationLandscapeRight UIInterfaceOrientationPortrait";
				LD_RUNPATH_SEARCH_PATHS = (
					"$(inherited)",
					"@executable_path/../Frameworks",
				);
				MARKETING_VERSION = 1.0;
				PRODUCT_BUNDLE_IDENTIFIER = ca.michelf.MFXUITestApp;
				PRODUCT_NAME = "$(TARGET_NAME)";
				SUPPORTED_PLATFORMS = "appletvos appletvsimulator iphoneos iphonesimulator macosx";
				SUPPORTS_MACCATALYST = NO;
				SWIFT_EMIT_LOC_STRINGS = YES;
				SWIFT_VERSION = 5.0;
				TARGETED_DEVICE_FAMILY = "1,2,3";
			};
			name = Release;
		};
/* End XCBuildConfiguration section */

/* Begin XCConfigurationList section */
		1EF3BED42B431AAC00294E7D /* Build configuration list for PBXProject "MFXUITestApp" */ = {
			isa = XCConfigurationList;
			buildConfigurations = (
				1EF3BEE42B431AAD00294E7D /* Debug */,
				1EF3BEE52B431AAD00294E7D /* Release */,
			);
			defaultConfigurationIsVisible = 0;
			defaultConfigurationName = Release;
		};
		1EF3BEE62B431AAD00294E7D /* Build configuration list for PBXNativeTarget "MFXUI App" */ = {
			isa = XCConfigurationList;
			buildConfigurations = (
				1EF3BEE72B431AAD00294E7D /* Debug */,
				1EF3BEE82B431AAD00294E7D /* Release */,
			);
			defaultConfigurationIsVisible = 0;
			defaultConfigurationName = Release;
		};
/* End XCConfigurationList section */

/* Begin XCRemoteSwiftPackageReference section */
		1E48B6D82B8A8054004E5B64 /* XCRemoteSwiftPackageReference "MFXUI" */ = {
			isa = XCRemoteSwiftPackageReference;
			repositoryURL = "https://github.com/michelf/MFXUI";
			requirement = {
				branch = main;
				kind = branch;
			};
		};
/* End XCRemoteSwiftPackageReference section */

/* Begin XCSwiftPackageProductDependency section */
		1E48B6D92B8A8054004E5B64 /* MFXUI */ = {
			isa = XCSwiftPackageProductDependency;
			package = 1E48B6D82B8A8054004E5B64 /* XCRemoteSwiftPackageReference "MFXUI" */;
			productName = MFXUI;
		};
		1EF3BEF02B431C7200294E7D /* MFXUI */ = {
			isa = XCSwiftPackageProductDependency;
			productName = MFXUI;
		};
/* End XCSwiftPackageProductDependency section */
	};
	rootObject = 1EF3BED12B431AAC00294E7D /* Project object */;
}
